
Microsoft Visual Studio Solution File, Format Version 12.00
# Visual Studio 15
VisualStudioVersion = 15.0.28307.489
MinimumVisualStudioVersion = 10.0.40219.1
Project("{FAE04EC0-301F-11D3-BF4B-00C04F79EFBC}") = "PresentationLayer", "CRUD_3_layers_et_2_tables\PresentationLayer.csproj", "{C0D2B68B-5F01-4933-9270-409170D28A84}"
EndProject
Project("{FAE04EC0-301F-11D3-BF4B-00C04F79EFBC}") = "DataLayer", "DataLayer\DataLayer.csproj", "{4E8819FD-FF4D-45CB-9ADE-0F983201ADE1}"
EndProject
Project("{FAE04EC0-301F-11D3-BF4B-00C04F79EFBC}") = "BusinessLayer", "BusinessLayer\BusinessLayer.csproj", "{0422EEDF-03AB-4BFA-A34E-91591A3A7509}"
EndProject
Project("{2150E333-8FDC-42A3-9474-1A3956D46DE8}") = "Solution Items", "Solution Items", "{494A920C-B7D4-4E30-8CA2-A5998A14CF9F}"
	ProjectSection(SolutionItems) = preProject
		Solution_ressources\Diagram_EcfDb.JPG = Solution_ressources\Diagram_EcfDb.JPG
		Dependencies\EntityFramework.dll = Dependencies\EntityFramework.dll
		Dependencies\EntityFramework.SqlServer.dll = Dependencies\EntityFramework.SqlServer.dll
		Dependencies\EntityFramework.SqlServer.xml = Dependencies\EntityFramework.SqlServer.xml
		Dependencies\EntityFramework.xml = Dependencies\EntityFramework.xml
		..\..\..\Pictures\JodLo.png = ..\..\..\Pictures\JodLo.png
		Solution_ressources\List_request_for_create_bdd.sql = Solution_ressources\List_request_for_create_bdd.sql
		Solution_ressources\Readme.md = Solution_ressources\Readme.md
	EndProjectSection
EndProject
Global
	GlobalSection(SolutionConfigurationPlatforms) = preSolution
		Debug|Any CPU = Debug|Any CPU
		Release|Any CPU = Release|Any CPU
	EndGlobalSection
	GlobalSection(ProjectConfigurationPlatforms) = postSolution
		{C0D2B68B-5F01-4933-9270-409170D28A84}.Debug|Any CPU.ActiveCfg = Debug|Any CPU
		{C0D2B68B-5F01-4933-9270-409170D28A84}.Debug|Any CPU.Build.0 = Debug|Any CPU
		{C0D2B68B-5F01-4933-9270-409170D28A84}.Release|Any CPU.ActiveCfg = Release|Any CPU
		{C0D2B68B-5F01-4933-9270-409170D28A84}.Release|Any CPU.Build.0 = Release|Any CPU
		{4E8819FD-FF4D-45CB-9ADE-0F983201ADE1}.Debug|Any CPU.ActiveCfg = Debug|Any CPU
		{4E8819FD-FF4D-45CB-9ADE-0F983201ADE1}.Debug|Any CPU.Build.0 = Debug|Any CPU
		{4E8819FD-FF4D-45CB-9ADE-0F983201ADE1}.Release|Any CPU.ActiveCfg = Release|Any CPU
		{4E8819FD-FF4D-45CB-9ADE-0F983201ADE1}.Release|Any CPU.Build.0 = Release|Any CPU
		{0422EEDF-03AB-4BFA-A34E-91591A3A7509}.Debug|Any CPU.ActiveCfg = Debug|Any CPU
		{0422EEDF-03AB-4BFA-A34E-91591A3A7509}.Debug|Any CPU.Build.0 = Debug|Any CPU
		{0422EEDF-03AB-4BFA-A34E-91591A3A7509}.Release|Any CPU.ActiveCfg = Release|Any CPU
		{0422EEDF-03AB-4BFA-A34E-91591A3A7509}.Release|Any CPU.Build.0 = Release|Any CPU
	EndGlobalSection
	GlobalSection(SolutionProperties) = preSolution
		HideSolutionNode = FALSE
	EndGlobalSection
	GlobalSection(ExtensibilityGlobals) = postSolution
		SolutionGuid = {6EEE4A53-8257-4AE3-AE48-53BF10CA8A7D}
	EndGlobalSection
EndGlobal
